
Microsoft Visual Studio Solution File, Format Version 12.00
# Visual Studio Version 17
VisualStudioVersion = 17.8.34511.84
MinimumVisualStudioVersion = 10.0.40219.1
Project("{FAE04EC0-301F-11D3-BF4B-00C04F79EFBC}") = "BookStore", "BookStore\BookStore.csproj", "{4F495480-3066-4073-A70D-791A1B40680E}"
EndProject
Project("{FAE04EC0-301F-11D3-BF4B-00C04F79EFBC}") = "BookStore.Core", "BookStore.Core\BookStore.Core.csproj", "{F9F54BFD-0CE0-47E6-BE1B-690F867E154A}"
EndProject
Project("{FAE04EC0-301F-11D3-BF4B-00C04F79EFBC}") = "BookStore.DataAccess", "BookStore.DataAccess\BookStore.DataAccess.csproj", "{5EEA13F8-4F70-4ED2-B051-D74474449633}"
EndProject
Global
	GlobalSection(SolutionConfigurationPlatforms) = preSolution
		Debug|Any CPU = Debug|Any CPU
		Release|Any CPU = Release|Any CPU
	EndGlobalSection
	GlobalSection(ProjectConfigurationPlatforms) = postSolution
		{4F495480-3066-4073-A70D-791A1B40680E}.Debug|Any CPU.ActiveCfg = Debug|Any CPU
		{4F495480-3066-4073-A70D-791A1B40680E}.Debug|Any CPU.Build.0 = Debug|Any CPU
		{4F495480-3066-4073-A70D-791A1B40680E}.Release|Any CPU.ActiveCfg = Release|Any CPU
		{4F495480-3066-4073-A70D-791A1B40680E}.Release|Any CPU.Build.0 = Release|Any CPU
		{F9F54BFD-0CE0-47E6-BE1B-690F867E154A}.Debug|Any CPU.ActiveCfg = Debug|Any CPU
		{F9F54BFD-0CE0-47E6-BE1B-690F867E154A}.Debug|Any CPU.Build.0 = Debug|Any CPU
		{F9F54BFD-0CE0-47E6-BE1B-690F867E154A}.Release|Any CPU.ActiveCfg = Release|Any CPU
		{F9F54BFD-0CE0-47E6-BE1B-690F867E154A}.Release|Any CPU.Build.0 = Release|Any CPU
		{5EEA13F8-4F70-4ED2-B051-D74474449633}.Debug|Any CPU.ActiveCfg = Debug|Any CPU
		{5EEA13F8-4F70-4ED2-B051-D74474449633}.Debug|Any CPU.Build.0 = Debug|Any CPU
		{5EEA13F8-4F70-4ED2-B051-D74474449633}.Release|Any CPU.ActiveCfg = Release|Any CPU
		{5EEA13F8-4F70-4ED2-B051-D74474449633}.Release|Any CPU.Build.0 = Release|Any CPU
	EndGlobalSection
	GlobalSection(SolutionProperties) = preSolution
		HideSolutionNode = FALSE
	EndGlobalSection
	GlobalSection(ExtensibilityGlobals) = postSolution
		SolutionGuid = {7F4D1F20-9009-479E-BFEB-211BFBDD19A4}
	EndGlobalSection
EndGlobal
